
Microsoft Visual Studio Solution File, Format Version 12.00
# Visual Studio Version 18
VisualStudioVersion = 18.5.11716.220
MinimumVisualStudioVersion = 10.0.40219.1
Project("{2150E333-8FDC-42A3-9474-1A3956D46DE8}") = "src", "src", "{16C3819D-1AC0-4174-8D0E-A7BB8B736DDD}"
EndProject
Project("{2150E333-8FDC-42A3-9474-1A3956D46DE8}") = "domain", "domain", "{7906C2FE-05C7-4F07-91F3-AB7AF1D9CD57}"
EndProject
Project("{2150E333-8FDC-42A3-9474-1A3956D46DE8}") = "application", "application", "{6B8948C9-5741-49EE-9F8D-4C7244ECE4EA}"
EndProject
Project("{2150E333-8FDC-42A3-9474-1A3956D46DE8}") = "infrastructure", "infrastructure", "{4C0EC25E-8CDF-4559-8D37-ED8F903E83A0}"
EndProject
Project("{2150E333-8FDC-42A3-9474-1A3956D46DE8}") = "ui", "ui", "{2E99D7CD-E86D-4215-B817-7AF9D464E154}"
EndProject
Project("{9A19103F-16F7-4668-BE54-9A1E7A4F7556}") = "Fitradar.SharedKernel", "Fitradar.SharedKernel\Fitradar.SharedKernel.csproj", "{3D40379A-018B-4E53-BC6B-B55065809AB5}"
EndProject
Project("{9A19103F-16F7-4668-BE54-9A1E7A4F7556}") = "Fitradar.Domain.Common", "Fitradar.Domain.Common\Fitradar.Domain.Common.csproj", "{8C6498E6-183E-4478-8B06-4631AC1F226B}"
EndProject
Project("{9A19103F-16F7-4668-BE54-9A1E7A4F7556}") = "Fitradar.Domain", "Fitradar.Domain\Fitradar.Domain.csproj", "{DD69A31E-AB15-4271-B0BC-D17804E9C42B}"
EndProject
Project("{9A19103F-16F7-4668-BE54-9A1E7A4F7556}") = "Fitradar.Application.Common", "Fitradar.Application.Common\Fitradar.Application.Common.csproj", "{7F75FD54-A13E-4A2F-93C6-714C2C25B9BD}"
EndProject
Project("{9A19103F-16F7-4668-BE54-9A1E7A4F7556}") = "Fitradar.Application", "Fitradar.Application\Fitradar.Application.csproj", "{E1D682C6-0CEA-4B6B-898F-5161AB0E8293}"
EndProject
Project("{9A19103F-16F7-4668-BE54-9A1E7A4F7556}") = "Fitradar.Infrastructure.Sql", "Fitradar.Infrastructure.Sql\Fitradar.Infrastructure.Sql.csproj", "{35113511-AFEC-475A-BCDA-18297BCEB608}"
EndProject
Project("{9A19103F-16F7-4668-BE54-9A1E7A4F7556}") = "Fitradar.Infrastructure.Services", "Fitradar.Infrastructure.Services\Fitradar.Infrastructure.Services.csproj", "{B09BA267-636D-419D-AB7A-4C7FF532A549}"
EndProject
Project("{9A19103F-16F7-4668-BE54-9A1E7A4F7556}") = "Fitradar.Infrastructure.Azure", "Fitradar.Infrastructure.Azure\Fitradar.Infrastructure.Azure.csproj", "{8346EA3E-EACC-4D82-B90C-D0B2EC7DB115}"
EndProject
Project("{9A19103F-16F7-4668-BE54-9A1E7A4F7556}") = "Fitradar.Integration.Functions", "Fitradar.Integration.Functions\Fitradar.Integration.Functions.csproj", "{D63F861D-4221-4BE4-A8DD-66943F521E5E}"
EndProject
Project("{9A19103F-16F7-4668-BE54-9A1E7A4F7556}") = "Fitradar.Web.Api", "Fitradar.Web.Api\Fitradar.Web.Api.csproj", "{FA9775A9-59D8-4B18-B09C-C9CED9511493}"
EndProject
Project("{FAE04EC0-301F-11D3-BF4B-00C04F79EFBC}") = "Fitradar.SharedKernel.Tests", "Fitradar.SharedKernel.Tests\Fitradar.SharedKernel.Tests.csproj", "{16CB9C6A-2E2B-47C1-A215-143E07FBE0D2}"
EndProject
Global
	GlobalSection(SolutionConfigurationPlatforms) = preSolution
		Debug|Any CPU = Debug|Any CPU
		Debug|x64 = Debug|x64
		Debug|x86 = Debug|x86
		Release|Any CPU = Release|Any CPU
		Release|x64 = Release|x64
		Release|x86 = Release|x86
	EndGlobalSection
	GlobalSection(ProjectConfigurationPlatforms) = postSolution
		{3D40379A-018B-4E53-BC6B-B55065809AB5}.Debug|Any CPU.ActiveCfg = Debug|Any CPU
		{3D40379A-018B-4E53-BC6B-B55065809AB5}.Debug|Any CPU.Build.0 = Debug|Any CPU
		{3D40379A-018B-4E53-BC6B-B55065809AB5}.Debug|x64.ActiveCfg = Debug|Any CPU
		{3D40379A-018B-4E53-BC6B-B55065809AB5}.Debug|x64.Build.0 = Debug|Any CPU
		{3D40379A-018B-4E53-BC6B-B55065809AB5}.Debug|x86.ActiveCfg = Debug|Any CPU
		{3D40379A-018B-4E53-BC6B-B55065809AB5}.Debug|x86.Build.0 = Debug|Any CPU
		{3D40379A-018B-4E53-BC6B-B55065809AB5}.Release|Any CPU.ActiveCfg = Release|Any CPU
		{3D40379A-018B-4E53-BC6B-B55065809AB5}.Release|Any CPU.Build.0 = Release|Any CPU
		{3D40379A-018B-4E53-BC6B-B55065809AB5}.Release|x64.ActiveCfg = Release|Any CPU
		{3D40379A-018B-4E53-BC6B-B55065809AB5}.Release|x64.Build.0 = Release|Any CPU
		{3D40379A-018B-4E53-BC6B-B55065809AB5}.Release|x86.ActiveCfg = Release|Any CPU
		{3D40379A-018B-4E53-BC6B-B55065809AB5}.Release|x86.Build.0 = Release|Any CPU
		{8C6498E6-183E-4478-8B06-4631AC1F226B}.Debug|Any CPU.ActiveCfg = Debug|Any CPU
		{8C6498E6-183E-4478-8B06-4631AC1F226B}.Debug|Any CPU.Build.0 = Debug|Any CPU
		{8C6498E6-183E-4478-8B06-4631AC1F226B}.Debug|x64.ActiveCfg = Debug|Any CPU
		{8C6498E6-183E-4478-8B06-4631AC1F226B}.Debug|x64.Build.0 = Debug|Any CPU
		{8C6498E6-183E-4478-8B06-4631AC1F226B}.Debug|x86.ActiveCfg = Debug|Any CPU
		{8C6498E6-183E-4478-8B06-4631AC1F226B}.Debug|x86.Build.0 = Debug|Any CPU
		{8C6498E6-183E-4478-8B06-4631AC1F226B}.Release|Any CPU.ActiveCfg = Release|Any CPU
		{8C6498E6-183E-4478-8B06-4631AC1F226B}.Release|Any CPU.Build.0 = Release|Any CPU
		{8C6498E6-183E-4478-8B06-4631AC1F226B}.Release|x64.ActiveCfg = Release|Any CPU
		{8C6498E6-183E-4478-8B06-4631AC1F226B}.Release|x64.Build.0 = Release|Any CPU
		{8C6498E6-183E-4478-8B06-4631AC1F226B}.Release|x86.ActiveCfg = Release|Any CPU
		{8C6498E6-183E-4478-8B06-4631AC1F226B}.Release|x86.Build.0 = Release|Any CPU
		{DD69A31E-AB15-4271-B0BC-D17804E9C42B}.Debug|Any CPU.ActiveCfg = Debug|Any CPU
		{DD69A31E-AB15-4271-B0BC-D17804E9C42B}.Debug|Any CPU.Build.0 = Debug|Any CPU
		{DD69A31E-AB15-4271-B0BC-D17804E9C42B}.Debug|x64.ActiveCfg = Debug|Any CPU
		{DD69A31E-AB15-4271-B0BC-D17804E9C42B}.Debug|x64.Build.0 = Debug|Any CPU
		{DD69A31E-AB15-4271-B0BC-D17804E9C42B}.Debug|x86.ActiveCfg = Debug|Any CPU
		{DD69A31E-AB15-4271-B0BC-D17804E9C42B}.Debug|x86.Build.0 = Debug|Any CPU
		{DD69A31E-AB15-4271-B0BC-D17804E9C42B}.Release|Any CPU.ActiveCfg = Release|Any CPU
		{DD69A31E-AB15-4271-B0BC-D17804E9C42B}.Release|Any CPU.Build.0 = Release|Any CPU
		{DD69A31E-AB15-4271-B0BC-D17804E9C42B}.Release|x64.ActiveCfg = Release|Any CPU
		{DD69A31E-AB15-4271-B0BC-D17804E9C42B}.Release|x64.Build.0 = Release|Any CPU
		{DD69A31E-AB15-4271-B0BC-D17804E9C42B}.Release|x86.ActiveCfg = Release|Any CPU
		{DD69A31E-AB15-4271-B0BC-D17804E9C42B}.Release|x86.Build.0 = Release|Any CPU
		{7F75FD54-A13E-4A2F-93C6-714C2C25B9BD}.Debug|Any CPU.ActiveCfg = Debug|Any CPU
		{7F75FD54-A13E-4A2F-93C6-714C2C25B9BD}.Debug|Any CPU.Build.0 = Debug|Any CPU
		{7F75FD54-A13E-4A2F-93C6-714C2C25B9BD}.Debug|x64.ActiveCfg = Debug|Any CPU
		{7F75FD54-A13E-4A2F-93C6-714C2C25B9BD}.Debug|x64.Build.0 = Debug|Any CPU
		{7F75FD54-A13E-4A2F-93C6-714C2C25B9BD}.Debug|x86.ActiveCfg = Debug|Any CPU
		{7F75FD54-A13E-4A2F-93C6-714C2C25B9BD}.Debug|x86.Build.0 = Debug|Any CPU
		{7F75FD54-A13E-4A2F-93C6-714C2C25B9BD}.Release|Any CPU.ActiveCfg = Release|Any CPU
		{7F75FD54-A13E-4A2F-93C6-714C2C25B9BD}.Release|Any CPU.Build.0 = Release|Any CPU
		{7F75FD54-A13E-4A2F-93C6-714C2C25B9BD}.Release|x64.ActiveCfg = Release|Any CPU
		{7F75FD54-A13E-4A2F-93C6-714C2C25B9BD}.Release|x64.Build.0 = Release|Any CPU
		{7F75FD54-A13E-4A2F-93C6-714C2C25B9BD}.Release|x86.ActiveCfg = Release|Any CPU
		{7F75FD54-A13E-4A2F-93C6-714C2C25B9BD}.Release|x86.Build.0 = Release|Any CPU
		{E1D682C6-0CEA-4B6B-898F-5161AB0E8293}.Debug|Any CPU.ActiveCfg = Debug|Any CPU
		{E1D682C6-0CEA-4B6B-898F-5161AB0E8293}.Debug|Any CPU.Build.0 = Debug|Any CPU
		{E1D682C6-0CEA-4B6B-898F-5161AB0E8293}.Debug|x64.ActiveCfg = Debug|Any CPU
		{E1D682C6-0CEA-4B6B-898F-5161AB0E8293}.Debug|x64.Build.0 = Debug|Any CPU
		{E1D682C6-0CEA-4B6B-898F-5161AB0E8293}.Debug|x86.ActiveCfg = Debug|Any CPU
		{E1D682C6-0CEA-4B6B-898F-5161AB0E8293}.Debug|x86.Build.0 = Debug|Any CPU
		{E1D682C6-0CEA-4B6B-898F-5161AB0E8293}.Release|Any CPU.ActiveCfg = Release|Any CPU
		{E1D682C6-0CEA-4B6B-898F-5161AB0E8293}.Release|Any CPU.Build.0 = Release|Any CPU
		{E1D682C6-0CEA-4B6B-898F-5161AB0E8293}.Release|x64.ActiveCfg = Release|Any CPU
		{E1D682C6-0CEA-4B6B-898F-5161AB0E8293}.Release|x64.Build.0 = Release|Any CPU
		{E1D682C6-0CEA-4B6B-898F-5161AB0E8293}.Release|x86.ActiveCfg = Release|Any CPU
		{E1D682C6-0CEA-4B6B-898F-5161AB0E8293}.Release|x86.Build.0 = Release|Any CPU
		{35113511-AFEC-475A-BCDA-18297BCEB608}.Debug|Any CPU.ActiveCfg = Debug|Any CPU
		{35113511-AFEC-475A-BCDA-18297BCEB608}.Debug|Any CPU.Build.0 = Debug|Any CPU
		{35113511-AFEC-475A-BCDA-18297BCEB608}.Debug|x64.ActiveCfg = Debug|Any CPU
		{35113511-AFEC-475A-BCDA-18297BCEB608}.Debug|x64.Build.0 = Debug|Any CPU
		{35113511-AFEC-475A-BCDA-18297BCEB608}.Debug|x86.ActiveCfg = Debug|Any CPU
		{35113511-AFEC-475A-BCDA-18297BCEB608}.Debug|x86.Build.0 = Debug|Any CPU
		{35113511-AFEC-475A-BCDA-18297BCEB608}.Release|Any CPU.ActiveCfg = Release|Any CPU
		{35113511-AFEC-475A-BCDA-18297BCEB608}.Release|Any CPU.Build.0 = Release|Any CPU
		{35113511-AFEC-475A-BCDA-18297BCEB608}.Release|x64.ActiveCfg = Release|Any CPU
		{35113511-AFEC-475A-BCDA-18297BCEB608}.Release|x64.Build.0 = Release|Any CPU
		{35113511-AFEC-475A-BCDA-18297BCEB608}.Release|x86.ActiveCfg = Release|Any CPU
		{35113511-AFEC-475A-BCDA-18297BCEB608}.Release|x86.Build.0 = Release|Any CPU
		{B09BA267-636D-419D-AB7A-4C7FF532A549}.Debug|Any CPU.ActiveCfg = Debug|Any CPU
		{B09BA267-636D-419D-AB7A-4C7FF532A549}.Debug|Any CPU.Build.0 = Debug|Any CPU
		{B09BA267-636D-419D-AB7A-4C7FF532A549}.Debug|x64.ActiveCfg = Debug|Any CPU
		{B09BA267-636D-419D-AB7A-4C7FF532A549}.Debug|x64.Build.0 = Debug|Any CPU
		{B09BA267-636D-419D-AB7A-4C7FF532A549}.Debug|x86.ActiveCfg = Debug|Any CPU
		{B09BA267-636D-419D-AB7A-4C7FF532A549}.Debug|x86.Build.0 = Debug|Any CPU
		{B09BA267-636D-419D-AB7A-4C7FF532A549}.Release|Any CPU.ActiveCfg = Release|Any CPU
		{B09BA267-636D-419D-AB7A-4C7FF532A549}.Release|Any CPU.Build.0 = Release|Any CPU
		{B09BA267-636D-419D-AB7A-4C7FF532A549}.Release|x64.ActiveCfg = Release|Any CPU
		{B09BA267-636D-419D-AB7A-4C7FF532A549}.Release|x64.Build.0 = Release|Any CPU
		{B09BA267-636D-419D-AB7A-4C7FF532A549}.Release|x86.ActiveCfg = Release|Any CPU
		{B09BA267-636D-419D-AB7A-4C7FF532A549}.Release|x86.Build.0 = Release|Any CPU
		{8346EA3E-EACC-4D82-B90C-D0B2EC7DB115}.Debug|Any CPU.ActiveCfg = Debug|Any CPU
		{8346EA3E-EACC-4D82-B90C-D0B2EC7DB115}.Debug|Any CPU.Build.0 = Debug|Any CPU
		{8346EA3E-EACC-4D82-B90C-D0B2EC7DB115}.Debug|x64.ActiveCfg = Debug|Any CPU
		{8346EA3E-EACC-4D82-B90C-D0B2EC7DB115}.Debug|x64.Build.0 = Debug|Any CPU
		{8346EA3E-EACC-4D82-B90C-D0B2EC7DB115}.Debug|x86.ActiveCfg = Debug|Any CPU
		{8346EA3E-EACC-4D82-B90C-D0B2EC7DB115}.Debug|x86.Build.0 = Debug|Any CPU
		{8346EA3E-EACC-4D82-B90C-D0B2EC7DB115}.Release|Any CPU.ActiveCfg = Release|Any CPU
		{8346EA3E-EACC-4D82-B90C-D0B2EC7DB115}.Release|Any CPU.Build.0 = Release|Any CPU
		{8346EA3E-EACC-4D82-B90C-D0B2EC7DB115}.Release|x64.ActiveCfg = Release|Any CPU
		{8346EA3E-EACC-4D82-B90C-D0B2EC7DB115}.Release|x64.Build.0 = Release|Any CPU
		{8346EA3E-EACC-4D82-B90C-D0B2EC7DB115}.Release|x86.ActiveCfg = Release|Any CPU
		{8346EA3E-EACC-4D82-B90C-D0B2EC7DB115}.Release|x86.Build.0 = Release|Any CPU
		{D63F861D-4221-4BE4-A8DD-66943F521E5E}.Debug|Any CPU.ActiveCfg = Debug|Any CPU
		{D63F861D-4221-4BE4-A8DD-66943F521E5E}.Debug|Any CPU.Build.0 = Debug|Any CPU
		{D63F861D-4221-4BE4-A8DD-66943F521E5E}.Debug|x64.ActiveCfg = Debug|Any CPU
		{D63F861D-4221-4BE4-A8DD-66943F521E5E}.Debug|x64.Build.0 = Debug|Any CPU
		{D63F861D-4221-4BE4-A8DD-66943F521E5E}.Debug|x86.ActiveCfg = Debug|Any CPU
		{D63F861D-4221-4BE4-A8DD-66943F521E5E}.Debug|x86.Build.0 = Debug|Any CPU
		{D63F861D-4221-4BE4-A8DD-66943F521E5E}.Release|Any CPU.ActiveCfg = Release|Any CPU
		{D63F861D-4221-4BE4-A8DD-66943F521E5E}.Release|Any CPU.Build.0 = Release|Any CPU
		{D63F861D-4221-4BE4-A8DD-66943F521E5E}.Release|x64.ActiveCfg = Release|Any CPU
		{D63F861D-4221-4BE4-A8DD-66943F521E5E}.Release|x64.Build.0 = Release|Any CPU
		{D63F861D-4221-4BE4-A8DD-66943F521E5E}.Release|x86.ActiveCfg = Release|Any CPU
		{D63F861D-4221-4BE4-A8DD-66943F521E5E}.Release|x86.Build.0 = Release|Any CPU
		{FA9775A9-59D8-4B18-B09C-C9CED9511493}.Debug|Any CPU.ActiveCfg = Debug|Any CPU
		{FA9775A9-59D8-4B18-B09C-C9CED9511493}.Debug|Any CPU.Build.0 = Debug|Any CPU
		{FA9775A9-59D8-4B18-B09C-C9CED9511493}.Debug|x64.ActiveCfg = Debug|Any CPU
		{FA9775A9-59D8-4B18-B09C-C9CED9511493}.Debug|x64.Build.0 = Debug|Any CPU
		{FA9775A9-59D8-4B18-B09C-C9CED9511493}.Debug|x86.ActiveCfg = Debug|Any CPU
		{FA9775A9-59D8-4B18-B09C-C9CED9511493}.Debug|x86.Build.0 = Debug|Any CPU
		{FA9775A9-59D8-4B18-B09C-C9CED9511493}.Release|Any CPU.ActiveCfg = Release|Any CPU
		{FA9775A9-59D8-4B18-B09C-C9CED9511493}.Release|Any CPU.Build.0 = Release|Any CPU
		{FA9775A9-59D8-4B18-B09C-C9CED9511493}.Release|x64.ActiveCfg = Release|Any CPU
		{FA9775A9-59D8-4B18-B09C-C9CED9511493}.Release|x64.Build.0 = Release|Any CPU
		{FA9775A9-59D8-4B18-B09C-C9CED9511493}.Release|x86.ActiveCfg = Release|Any CPU
		{FA9775A9-59D8-4B18-B09C-C9CED9511493}.Release|x86.Build.0 = Release|Any CPU
		{16CB9C6A-2E2B-47C1-A215-143E07FBE0D2}.Debug|Any CPU.ActiveCfg = Debug|Any CPU
		{16CB9C6A-2E2B-47C1-A215-143E07FBE0D2}.Debug|Any CPU.Build.0 = Debug|Any CPU
		{16CB9C6A-2E2B-47C1-A215-143E07FBE0D2}.Debug|x64.ActiveCfg = Debug|Any CPU
		{16CB9C6A-2E2B-47C1-A215-143E07FBE0D2}.Debug|x64.Build.0 = Debug|Any CPU
		{16CB9C6A-2E2B-47C1-A215-143E07FBE0D2}.Debug|x86.ActiveCfg = Debug|Any CPU
		{16CB9C6A-2E2B-47C1-A215-143E07FBE0D2}.Debug|x86.Build.0 = Debug|Any CPU
		{16CB9C6A-2E2B-47C1-A215-143E07FBE0D2}.Release|Any CPU.ActiveCfg = Release|Any CPU
		{16CB9C6A-2E2B-47C1-A215-143E07FBE0D2}.Release|Any CPU.Build.0 = Release|Any CPU
		{16CB9C6A-2E2B-47C1-A215-143E07FBE0D2}.Release|x64.ActiveCfg = Release|Any CPU
		{16CB9C6A-2E2B-47C1-A215-143E07FBE0D2}.Release|x64.Build.0 = Release|Any CPU
		{16CB9C6A-2E2B-47C1-A215-143E07FBE0D2}.Release|x86.ActiveCfg = Release|Any CPU
		{16CB9C6A-2E2B-47C1-A215-143E07FBE0D2}.Release|x86.Build.0 = Release|Any CPU
	EndGlobalSection
	GlobalSection(SolutionProperties) = preSolution
		HideSolutionNode = FALSE
	EndGlobalSection
	GlobalSection(NestedProjects) = preSolution
		{7906C2FE-05C7-4F07-91F3-AB7AF1D9CD57} = {16C3819D-1AC0-4174-8D0E-A7BB8B736DDD}
		{6B8948C9-5741-49EE-9F8D-4C7244ECE4EA} = {16C3819D-1AC0-4174-8D0E-A7BB8B736DDD}
		{4C0EC25E-8CDF-4559-8D37-ED8F903E83A0} = {16C3819D-1AC0-4174-8D0E-A7BB8B736DDD}
		{2E99D7CD-E86D-4215-B817-7AF9D464E154} = {16C3819D-1AC0-4174-8D0E-A7BB8B736DDD}
		{3D40379A-018B-4E53-BC6B-B55065809AB5} = {16C3819D-1AC0-4174-8D0E-A7BB8B736DDD}
		{8C6498E6-183E-4478-8B06-4631AC1F226B} = {7906C2FE-05C7-4F07-91F3-AB7AF1D9CD57}
		{DD69A31E-AB15-4271-B0BC-D17804E9C42B} = {7906C2FE-05C7-4F07-91F3-AB7AF1D9CD57}
		{7F75FD54-A13E-4A2F-93C6-714C2C25B9BD} = {6B8948C9-5741-49EE-9F8D-4C7244ECE4EA}
		{E1D682C6-0CEA-4B6B-898F-5161AB0E8293} = {6B8948C9-5741-49EE-9F8D-4C7244ECE4EA}
		{35113511-AFEC-475A-BCDA-18297BCEB608} = {4C0EC25E-8CDF-4559-8D37-ED8F903E83A0}
		{B09BA267-636D-419D-AB7A-4C7FF532A549} = {4C0EC25E-8CDF-4559-8D37-ED8F903E83A0}
		{8346EA3E-EACC-4D82-B90C-D0B2EC7DB115} = {4C0EC25E-8CDF-4559-8D37-ED8F903E83A0}
		{D63F861D-4221-4BE4-A8DD-66943F521E5E} = {2E99D7CD-E86D-4215-B817-7AF9D464E154}
		{FA9775A9-59D8-4B18-B09C-C9CED9511493} = {2E99D7CD-E86D-4215-B817-7AF9D464E154}
	EndGlobalSection
	GlobalSection(ExtensibilityGlobals) = postSolution
		SolutionGuid = {17C8A0BA-DF0E-4A5A-8987-1F76111E0656}
	EndGlobalSection
EndGlobal
